
Microsoft Visual Studio Solution File, Format Version 12.00
# Visual Studio 15
VisualStudioVersion = 15.0.28307.168
MinimumVisualStudioVersion = 10.0.40219.1
Project("{FAE04EC0-301F-11D3-BF4B-00C04F79EFBC}") = "Client", "Client\Client.csproj", "{B7571181-BE70-4393-9CB6-D84336FC5FB3}"
EndProject
Project("{FAE04EC0-301F-11D3-BF4B-00C04F79EFBC}") = "ClientStarter", "ClientStarter\ClientStarter.csproj", "{8791B544-D517-4910-8D4F-1AACF704CA68}"
EndProject
Global
	GlobalSection(SolutionConfigurationPlatforms) = preSolution
		Debug|Any CPU = Debug|Any CPU
		Release|Any CPU = Release|Any CPU
	EndGlobalSection
	GlobalSection(ProjectConfigurationPlatforms) = postSolution
		{B7571181-BE70-4393-9CB6-D84336FC5FB3}.Debug|Any CPU.ActiveCfg = Debug|Any CPU
		{B7571181-BE70-4393-9CB6-D84336FC5FB3}.Debug|Any CPU.Build.0 = Debug|Any CPU
		{B7571181-BE70-4393-9CB6-D84336FC5FB3}.Release|Any CPU.ActiveCfg = Release|Any CPU
		{B7571181-BE70-4393-9CB6-D84336FC5FB3}.Release|Any CPU.Build.0 = Release|Any CPU
		{8791B544-D517-4910-8D4F-1AACF704CA68}.Debug|Any CPU.ActiveCfg = Debug|Any CPU
		{8791B544-D517-4910-8D4F-1AACF704CA68}.Debug|Any CPU.Build.0 = Debug|Any CPU
		{8791B544-D517-4910-8D4F-1AACF704CA68}.Release|Any CPU.ActiveCfg = Release|Any CPU
		{8791B544-D517-4910-8D4F-1AACF704CA68}.Release|Any CPU.Build.0 = Release|Any CPU
	EndGlobalSection
	GlobalSection(SolutionProperties) = preSolution
		HideSolutionNode = FALSE
	EndGlobalSection
	GlobalSection(ExtensibilityGlobals) = postSolution
		SolutionGuid = {213CAFD7-A9A4-4C45-9C43-07E43AE78169}
	EndGlobalSection
EndGlobal
